
Microsoft Visual Studio Solution File, Format Version 12.00
# Visual Studio Version 17
VisualStudioVersion = 17.10.35122.118
MinimumVisualStudioVersion = 10.0.40219.1
Project("{9A19103F-16F7-4668-BE54-9A1E7A4F7556}") = "InventoryEnterpriseProject", "InventoryEnterpriseProject.csproj", "{C3EB8764-B196-42CD-A5DE-9232E49D9142}"
EndProject
Global
	GlobalSection(SolutionConfigurationPlatforms) = preSolution
		Debug|Any CPU = Debug|Any CPU
		Release|Any CPU = Release|Any CPU
	EndGlobalSection
	GlobalSection(ProjectConfigurationPlatforms) = postSolution
		{C3EB8764-B196-42CD-A5DE-9232E49D9142}.Debug|Any CPU.ActiveCfg = Debug|Any CPU
		{C3EB8764-B196-42CD-A5DE-9232E49D9142}.Debug|Any CPU.Build.0 = Debug|Any CPU
		{C3EB8764-B196-42CD-A5DE-9232E49D9142}.Release|Any CPU.ActiveCfg = Release|Any CPU
		{C3EB8764-B196-42CD-A5DE-9232E49D9142}.Release|Any CPU.Build.0 = Release|Any CPU
	EndGlobalSection
	GlobalSection(SolutionProperties) = preSolution
		HideSolutionNode = FALSE
	EndGlobalSection
	GlobalSection(ExtensibilityGlobals) = postSolution
		SolutionGuid = {F7B839D6-EAB6-4B07-944C-41B498F71B06}
	EndGlobalSection
EndGlobal
